
Microsoft Visual Studio Solution File, Format Version 11.00
# Visual C++ Express 2010
Project("{8BC9CEB8-8B4A-11D0-8D11-00A0C91BC942}") = "StoneRing2", "StoneRing2.vcxproj", "{FC272BF0-BB24-4D05-840F-8E65552E7271}"
EndProject
Project("{8BC9CEB8-8B4A-11D0-8D11-00A0C91BC942}") = "Steel", "..\steel\Steel\Steel.vcxproj", "{F5425C27-97C9-4DEF-8A52-246D6A3D2923}"
EndProject
Project("{8BC9CEB8-8B4A-11D0-8D11-00A0C91BC942}") = "SR2Lib", "SR2Lib\SR2Lib.vcxproj", "{E143424A-1AA3-49FF-B9DE-79A97E33C816}"
EndProject
Global
	GlobalSection(SolutionConfigurationPlatforms) = preSolution
		Debug|Win32 = Debug|Win32
		Editor|Win32 = Editor|Win32
		Release|Win32 = Release|Win32
	EndGlobalSection
	GlobalSection(ProjectConfigurationPlatforms) = postSolution
		{FC272BF0-BB24-4D05-840F-8E65552E7271}.Debug|Win32.ActiveCfg = Debug|Win32
		{FC272BF0-BB24-4D05-840F-8E65552E7271}.Debug|Win32.Build.0 = Debug|Win32
		{FC272BF0-BB24-4D05-840F-8E65552E7271}.Editor|Win32.ActiveCfg = Editor|Win32
		{FC272BF0-BB24-4D05-840F-8E65552E7271}.Editor|Win32.Build.0 = Editor|Win32
		{FC272BF0-BB24-4D05-840F-8E65552E7271}.Release|Win32.ActiveCfg = Release|Win32
		{FC272BF0-BB24-4D05-840F-8E65552E7271}.Release|Win32.Build.0 = Release|Win32
		{F5425C27-97C9-4DEF-8A52-246D6A3D2923}.Debug|Win32.ActiveCfg = Debug|Win32
		{F5425C27-97C9-4DEF-8A52-246D6A3D2923}.Debug|Win32.Build.0 = Debug|Win32
		{F5425C27-97C9-4DEF-8A52-246D6A3D2923}.Editor|Win32.ActiveCfg = Editor|Win32
		{F5425C27-97C9-4DEF-8A52-246D6A3D2923}.Editor|Win32.Build.0 = Editor|Win32
		{F5425C27-97C9-4DEF-8A52-246D6A3D2923}.Release|Win32.ActiveCfg = Release|Win32
		{F5425C27-97C9-4DEF-8A52-246D6A3D2923}.Release|Win32.Build.0 = Release|Win32
		{E143424A-1AA3-49FF-B9DE-79A97E33C816}.Debug|Win32.ActiveCfg = Debug|Win32
		{E143424A-1AA3-49FF-B9DE-79A97E33C816}.Debug|Win32.Build.0 = Debug|Win32
		{E143424A-1AA3-49FF-B9DE-79A97E33C816}.Editor|Win32.ActiveCfg = Editor|Win32
		{E143424A-1AA3-49FF-B9DE-79A97E33C816}.Editor|Win32.Build.0 = Editor|Win32
		{E143424A-1AA3-49FF-B9DE-79A97E33C816}.Release|Win32.ActiveCfg = Release|Win32
		{E143424A-1AA3-49FF-B9DE-79A97E33C816}.Release|Win32.Build.0 = Release|Win32
	EndGlobalSection
	GlobalSection(SolutionProperties) = preSolution
		HideSolutionNode = FALSE
	EndGlobalSection
EndGlobal
