
Microsoft Visual Studio Solution File, Format Version 9.00
# Visual C++ Express 2005
Project("{8BC9CEB8-8B4A-11D0-8D11-00A0C91BC942}") = "StoneRing2", "StoneRing2.vcproj", "{FC272BF0-BB24-4D05-840F-8E65552E7271}"
EndProject
Project("{8BC9CEB8-8B4A-11D0-8D11-00A0C91BC942}") = "LevelEditor", "src\LevelEditor\LevelEditor.vcproj", "{87264512-5E4C-4466-A4DB-2BCC2D12BC54}"
EndProject
Global
	GlobalSection(SolutionConfigurationPlatforms) = preSolution
		Debug|Win32 = Debug|Win32
		Release|Win32 = Release|Win32
	EndGlobalSection
	GlobalSection(ProjectConfigurationPlatforms) = postSolution
		{FC272BF0-BB24-4D05-840F-8E65552E7271}.Debug|Win32.ActiveCfg = Debug|Win32
		{FC272BF0-BB24-4D05-840F-8E65552E7271}.Debug|Win32.Build.0 = Debug|Win32
		{FC272BF0-BB24-4D05-840F-8E65552E7271}.Release|Win32.ActiveCfg = Release|Win32
		{FC272BF0-BB24-4D05-840F-8E65552E7271}.Release|Win32.Build.0 = Release|Win32
		{87264512-5E4C-4466-A4DB-2BCC2D12BC54}.Debug|Win32.ActiveCfg = Debug|Win32
		{87264512-5E4C-4466-A4DB-2BCC2D12BC54}.Release|Win32.ActiveCfg = Release|Win32
		{87264512-5E4C-4466-A4DB-2BCC2D12BC54}.Release|Win32.Build.0 = Release|Win32
	EndGlobalSection
	GlobalSection(SolutionProperties) = preSolution
		HideSolutionNode = FALSE
	EndGlobalSection
EndGlobal
