<?xml version="1.0" encoding="UTF-8" standalone="yes" ?>
<CodeBlocks_project_file>
	<FileVersion major="1" minor="6" />
	<Project>
		<Option title="Stone Ring" />
		<Option pch_mode="2" />
		<Option compiler="gcc" />
		<Build>
			<Target title="Debug">
				<Option output="bin/Debug/Stone Ring" prefix_auto="1" extension_auto="1" />
				<Option object_output="obj/Debug/" />
				<Option type="1" />
				<Option compiler="gcc" />
				<Compiler>
					<Add option="-march=athlon64" />
					<Add option="-g" />
				</Compiler>
			</Target>
			<Target title="Release">
				<Option output="bin/Release/Stone Ring" prefix_auto="1" extension_auto="1" />
				<Option object_output="obj/Release/" />
				<Option type="1" />
				<Option compiler="gcc" />
				<Compiler>
					<Add option="-march=athlon64" />
					<Add option="-O2" />
				</Compiler>
				<Linker>
					<Add option="-s" />
				</Linker>
			</Target>
		</Build>
		<Compiler>
			<Add option="-Wall" />
			<Add directory="/usr/local/include/ClanLib-2.1" />
			<Add directory="src/abilities" />
			<Add directory="src/battle" />
			<Add directory="src/character" />
			<Add directory="src/core" />
			<Add directory="src/factories" />
			<Add directory="src/items" />
			<Add directory="src/items/armor" />
			<Add directory="src/items/weapons" />
			<Add directory="src/level" />
			<Add directory="src/monsters" />
			<Add directory="src/party" />
			<Add directory="src/states" />
		</Compiler>
		<Linker>
			<Add library="steel" />
			<Add library="clan21Core" />
			<Add library="clan21App" />
			<Add library="X11" />
			<Add library="clan21Display" />
			<Add library="clan21Sound" />
			<Add library="clan21GL" />
			<Add library="png" />
			<Add library="jpeg" />
			<Add library="z" />
			<Add library="freetype" />
			<Add library="fontconfig" />
		</Linker>
		<Unit filename="Media/Levels/foo.xml" />
		<Unit filename="Media/Levels/level.dtd" />
		<Unit filename="Media/Levels/monster_test.xml" />
		<Unit filename="Media/Levels/test3.xml" />
		<Unit filename="Media/characterClasses.xml" />
		<Unit filename="Media/characters.xml" />
		<Unit filename="Media/init.steel" />
		<Unit filename="Media/items.xml" />
		<Unit filename="Media/monsters.xml" />
		<Unit filename="Media/resources.xml" />
		<Unit filename="Media/skills.xml" />
		<Unit filename="Media/spells.xml" />
		<Unit filename="Media/statusEffects.xml" />
		<Unit filename="Media/todos.txt" />
		<Unit filename="src/Application.cpp" />
		<Unit filename="src/Application.h" />
		<Unit filename="src/LevelEditor/EditableLevel.h" />
		<Unit filename="src/LevelEditor/EditorElementFactory.h" />
		<Unit filename="src/LevelEditor/EditorElements.h" />
		<Unit filename="src/LevelEditor/GridPoint.h" />
		<Unit filename="src/LevelEditor/Infobar.h" />
		<Unit filename="src/LevelEditor/MapGrid.h" />
		<Unit filename="src/LevelEditor/TileSelector.h" />
		<Unit filename="src/LevelEditor/editor.h" />
		<Unit filename="src/abilities/AbilityManager.cpp" />
		<Unit filename="src/abilities/AbilityManager.h" />
		<Unit filename="src/abilities/Animation.cpp" />
		<Unit filename="src/abilities/Animation.h" />
		<Unit filename="src/abilities/Magic.cpp" />
		<Unit filename="src/abilities/Magic.h" />
		<Unit filename="src/abilities/Skill.cpp" />
		<Unit filename="src/abilities/Skill.h" />
		<Unit filename="src/abilities/Spell.cpp" />
		<Unit filename="src/abilities/Spell.h" />
		<Unit filename="src/abilities/SpellRef.cpp" />
		<Unit filename="src/abilities/SpellRef.h" />
		<Unit filename="src/abilities/StatusEffect.cpp" />
		<Unit filename="src/abilities/StatusEffect.h" />
		<Unit filename="src/battle/ActionQueue.cpp" />
		<Unit filename="src/battle/ActionQueue.h" />
		<Unit filename="src/battle/AnimationState.cpp" />
		<Unit filename="src/battle/AnimationState.h" />
		<Unit filename="src/battle/IBattleAction.h" />
		<Unit filename="src/battle/TargetingState.cpp" />
		<Unit filename="src/battle/TargetingState.h" />
		<Unit filename="src/character/BattleMenu.cpp" />
		<Unit filename="src/character/BattleMenu.h" />
		<Unit filename="src/character/BattleMenuOption.cpp" />
		<Unit filename="src/character/BattleMenuOption.h" />
		<Unit filename="src/character/Character.cpp" />
		<Unit filename="src/character/Character.h" />
		<Unit filename="src/character/CharacterClass.cpp" />
		<Unit filename="src/character/CharacterClass.h" />
		<Unit filename="src/character/CharacterManager.cpp" />
		<Unit filename="src/character/CharacterManager.h" />
		<Unit filename="src/character/ICharacter.h" />
		<Unit filename="src/character/SpriteDefinition.cpp" />
		<Unit filename="src/character/SpriteDefinition.h" />
		<Unit filename="src/core/AppUtils.cpp" />
		<Unit filename="src/core/AppUtils.h" />
		<Unit filename="src/core/AttributeModifier.cpp" />
		<Unit filename="src/core/AttributeModifier.h" />
		<Unit filename="src/core/Element.cpp" />
		<Unit filename="src/core/Element.h" />
		<Unit filename="src/core/GraphicsManager.cpp" />
		<Unit filename="src/core/GraphicsManager.h" />
		<Unit filename="src/core/IApplication.h" />
		<Unit filename="src/core/NamedScript.cpp" />
		<Unit filename="src/core/NamedScript.h" />
		<Unit filename="src/core/SpriteRef.cpp" />
		<Unit filename="src/core/SpriteRef.h" />
		<Unit filename="src/core/Utilities.cpp" />
		<Unit filename="src/core/sr_defines.h" />
		<Unit filename="src/factories/AbilityFactory.h" />
		<Unit filename="src/factories/CharacterFactory.h" />
		<Unit filename="src/factories/ElementFactory.cpp" />
		<Unit filename="src/factories/ElementFactory.h" />
		<Unit filename="src/factories/IFactory.h" />
		<Unit filename="src/factories/ItemFactory.h" />
		<Unit filename="src/factories/LevelFactory.h" />
		<Unit filename="src/items/DamageCategory.cpp" />
		<Unit filename="src/items/DamageCategory.h" />
		<Unit filename="src/items/Equipment.cpp" />
		<Unit filename="src/items/Equipment.h" />
		<Unit filename="src/items/IconRef.cpp" />
		<Unit filename="src/items/IconRef.h" />
		<Unit filename="src/items/Item.cpp" />
		<Unit filename="src/items/Item.h" />
		<Unit filename="src/items/ItemManager.cpp" />
		<Unit filename="src/items/ItemManager.h" />
		<Unit filename="src/items/ItemRef.cpp" />
		<Unit filename="src/items/ItemRef.h" />
		<Unit filename="src/items/NamedItem.cpp" />
		<Unit filename="src/items/NamedItem.h" />
		<Unit filename="src/items/RegularItem.cpp" />
		<Unit filename="src/items/RegularItem.h" />
		<Unit filename="src/items/Rune.cpp" />
		<Unit filename="src/items/Rune.h" />
		<Unit filename="src/items/RuneType.cpp" />
		<Unit filename="src/items/RuneType.h" />
		<Unit filename="src/items/SpecialItem.cpp" />
		<Unit filename="src/items/SpecialItem.h" />
		<Unit filename="src/items/StatusEffectModifier.cpp" />
		<Unit filename="src/items/StatusEffectModifier.h" />
		<Unit filename="src/items/SystemItem.cpp" />
		<Unit filename="src/items/SystemItem.h" />
		<Unit filename="src/items/armor/Armor.cpp" />
		<Unit filename="src/items/armor/Armor.h" />
		<Unit filename="src/items/armor/ArmorClass.cpp" />
		<Unit filename="src/items/armor/ArmorClass.h" />
		<Unit filename="src/items/armor/ArmorClassRef.cpp" />
		<Unit filename="src/items/armor/ArmorClassRef.h" />
		<Unit filename="src/items/armor/ArmorEnhancer.cpp" />
		<Unit filename="src/items/armor/ArmorEnhancer.h" />
		<Unit filename="src/items/armor/ArmorRef.cpp" />
		<Unit filename="src/items/armor/ArmorRef.h" />
		<Unit filename="src/items/armor/ArmorType.cpp" />
		<Unit filename="src/items/armor/ArmorType.h" />
		<Unit filename="src/items/armor/ArmorTypeExclusionList.cpp" />
		<Unit filename="src/items/armor/ArmorTypeExclusionList.h" />
		<Unit filename="src/items/armor/ArmorTypeRef.cpp" />
		<Unit filename="src/items/armor/ArmorTypeRef.h" />
		<Unit filename="src/items/armor/GeneratedArmor.cpp" />
		<Unit filename="src/items/armor/GeneratedArmor.h" />
		<Unit filename="src/items/armor/UniqueArmor.cpp" />
		<Unit filename="src/items/armor/UniqueArmor.h" />
		<Unit filename="src/items/weapons/GeneratedWeapon.cpp" />
		<Unit filename="src/items/weapons/GeneratedWeapon.h" />
		<Unit filename="src/items/weapons/UniqueWeapon.cpp" />
		<Unit filename="src/items/weapons/UniqueWeapon.h" />
		<Unit filename="src/items/weapons/Weapon.cpp" />
		<Unit filename="src/items/weapons/Weapon.h" />
		<Unit filename="src/items/weapons/WeaponClass.cpp" />
		<Unit filename="src/items/weapons/WeaponClass.h" />
		<Unit filename="src/items/weapons/WeaponClassRef.cpp" />
		<Unit filename="src/items/weapons/WeaponClassRef.h" />
		<Unit filename="src/items/weapons/WeaponEnhancer.cpp" />
		<Unit filename="src/items/weapons/WeaponEnhancer.h" />
		<Unit filename="src/items/weapons/WeaponRef.cpp" />
		<Unit filename="src/items/weapons/WeaponRef.h" />
		<Unit filename="src/items/weapons/WeaponType.cpp" />
		<Unit filename="src/items/weapons/WeaponType.h" />
		<Unit filename="src/items/weapons/WeaponTypeExclusionList.cpp" />
		<Unit filename="src/items/weapons/WeaponTypeExclusionList.h" />
		<Unit filename="src/items/weapons/WeaponTypeRef.cpp" />
		<Unit filename="src/items/weapons/WeaponTypeRef.h" />
		<Unit filename="src/level/Event.cpp" />
		<Unit filename="src/level/Event.h" />
		<Unit filename="src/level/Graphic.h" />
		<Unit filename="src/level/Level.cpp" />
		<Unit filename="src/level/Level.h" />
		<Unit filename="src/level/LevelElements.cpp" />
		<Unit filename="src/level/MappableObject.cpp" />
		<Unit filename="src/level/MappableObject.h" />
		<Unit filename="src/level/ScriptElement.cpp" />
		<Unit filename="src/level/ScriptElement.h" />
		<Unit filename="src/monsters/Monster.cpp" />
		<Unit filename="src/monsters/Monster.h" />
		<Unit filename="src/monsters/MonsterElement.cpp" />
		<Unit filename="src/monsters/MonsterElement.h" />
		<Unit filename="src/monsters/MonsterGroup.cpp" />
		<Unit filename="src/monsters/MonsterGroup.h" />
		<Unit filename="src/monsters/MonsterRef.cpp" />
		<Unit filename="src/monsters/MonsterRef.h" />
		<Unit filename="src/monsters/MonsterRegion.cpp" />
		<Unit filename="src/monsters/MonsterRegion.h" />
		<Unit filename="src/monsters/Stat.cpp" />
		<Unit filename="src/monsters/Stat.h" />
		<Unit filename="src/party/IParty.h" />
		<Unit filename="src/party/Party.cpp" />
		<Unit filename="src/party/Party.h" />
		<Unit filename="src/states/BattleState.cpp" />
		<Unit filename="src/states/BattleState.h" />
		<Unit filename="src/states/ChoiceState.cpp" />
		<Unit filename="src/states/ChoiceState.h" />
		<Unit filename="src/states/MapState.cpp" />
		<Unit filename="src/states/MapState.h" />
		<Unit filename="src/states/SayState.cpp" />
		<Unit filename="src/states/SayState.h" />
		<Unit filename="src/states/State.h" />
		<Extensions>
			<code_completion />
			<debugger />
		</Extensions>
	</Project>
</CodeBlocks_project_file>
